
Microsoft Visual Studio Solution File, Format Version 12.00
# Visual Studio Version 17
VisualStudioVersion = 17.9.34723.18
MinimumVisualStudioVersion = 10.0.40219.1
Project("{FAE04EC0-301F-11D3-BF4B-00C04F79EFBC}") = "calculator", "calculator\calculator.csproj", "{2EB908E0-93E4-4743-9232-73919E6ADF54}"
EndProject
Global
	GlobalSection(SolutionConfigurationPlatforms) = preSolution
		Debug|Any CPU = Debug|Any CPU
		Release|Any CPU = Release|Any CPU
	EndGlobalSection
	GlobalSection(ProjectConfigurationPlatforms) = postSolution
		{2EB908E0-93E4-4743-9232-73919E6ADF54}.Debug|Any CPU.ActiveCfg = Debug|Any CPU
		{2EB908E0-93E4-4743-9232-73919E6ADF54}.Debug|Any CPU.Build.0 = Debug|Any CPU
		{2EB908E0-93E4-4743-9232-73919E6ADF54}.Release|Any CPU.ActiveCfg = Release|Any CPU
		{2EB908E0-93E4-4743-9232-73919E6ADF54}.Release|Any CPU.Build.0 = Release|Any CPU
	EndGlobalSection
	GlobalSection(SolutionProperties) = preSolution
		HideSolutionNode = FALSE
	EndGlobalSection
	GlobalSection(ExtensibilityGlobals) = postSolution
		SolutionGuid = {F562B9A0-DF45-4DAE-AE4E-2CDF33543784}
	EndGlobalSection
EndGlobal
