
Microsoft Visual Studio Solution File, Format Version 12.00
# Visual Studio Version 17
VisualStudioVersion = 17.9.34723.18
MinimumVisualStudioVersion = 10.0.40219.1
Project("{FAE04EC0-301F-11D3-BF4B-00C04F79EFBC}") = "CalculatorEvents", "CalculatorEvents\CalculatorEvents.csproj", "{DA641921-51DF-44DB-AB7A-53549FE895AB}"
EndProject
Global
	GlobalSection(SolutionConfigurationPlatforms) = preSolution
		Debug|Any CPU = Debug|Any CPU
		Release|Any CPU = Release|Any CPU
	EndGlobalSection
	GlobalSection(ProjectConfigurationPlatforms) = postSolution
		{DA641921-51DF-44DB-AB7A-53549FE895AB}.Debug|Any CPU.ActiveCfg = Debug|Any CPU
		{DA641921-51DF-44DB-AB7A-53549FE895AB}.Debug|Any CPU.Build.0 = Debug|Any CPU
		{DA641921-51DF-44DB-AB7A-53549FE895AB}.Release|Any CPU.ActiveCfg = Release|Any CPU
		{DA641921-51DF-44DB-AB7A-53549FE895AB}.Release|Any CPU.Build.0 = Release|Any CPU
	EndGlobalSection
	GlobalSection(SolutionProperties) = preSolution
		HideSolutionNode = FALSE
	EndGlobalSection
	GlobalSection(ExtensibilityGlobals) = postSolution
		SolutionGuid = {E1668930-547C-4D6D-A55E-7CB46576B08B}
	EndGlobalSection
EndGlobal
