
Microsoft Visual Studio Solution File, Format Version 12.00
# Visual Studio Version 17
VisualStudioVersion = 17.9.34723.18
MinimumVisualStudioVersion = 10.0.40219.1
Project("{FAE04EC0-301F-11D3-BF4B-00C04F79EFBC}") = "studentCrudApp", "studentCrudApp\studentCrudApp.csproj", "{88301E9A-A92C-4A7F-8EC6-2EAD19924AC1}"
EndProject
Global
	GlobalSection(SolutionConfigurationPlatforms) = preSolution
		Debug|Any CPU = Debug|Any CPU
		Release|Any CPU = Release|Any CPU
	EndGlobalSection
	GlobalSection(ProjectConfigurationPlatforms) = postSolution
		{88301E9A-A92C-4A7F-8EC6-2EAD19924AC1}.Debug|Any CPU.ActiveCfg = Debug|Any CPU
		{88301E9A-A92C-4A7F-8EC6-2EAD19924AC1}.Debug|Any CPU.Build.0 = Debug|Any CPU
		{88301E9A-A92C-4A7F-8EC6-2EAD19924AC1}.Release|Any CPU.ActiveCfg = Release|Any CPU
		{88301E9A-A92C-4A7F-8EC6-2EAD19924AC1}.Release|Any CPU.Build.0 = Release|Any CPU
	EndGlobalSection
	GlobalSection(SolutionProperties) = preSolution
		HideSolutionNode = FALSE
	EndGlobalSection
	GlobalSection(ExtensibilityGlobals) = postSolution
		SolutionGuid = {0DAC7FDD-28EE-4E37-9278-01DB269D2417}
	EndGlobalSection
EndGlobal
