
Microsoft Visual Studio Solution File, Format Version 12.00
# Visual Studio Version 17
VisualStudioVersion = 17.9.34728.123
MinimumVisualStudioVersion = 10.0.40219.1
Project("{FAE04EC0-301F-11D3-BF4B-00C04F79EFBC}") = "TaxManagementNew", "TaxManagementNew\TaxManagementNew.csproj", "{0D643CAA-C304-4743-9BFD-B541411D2ED4}"
EndProject
Global
	GlobalSection(SolutionConfigurationPlatforms) = preSolution
		Debug|Any CPU = Debug|Any CPU
		Release|Any CPU = Release|Any CPU
	EndGlobalSection
	GlobalSection(ProjectConfigurationPlatforms) = postSolution
		{0D643CAA-C304-4743-9BFD-B541411D2ED4}.Debug|Any CPU.ActiveCfg = Debug|Any CPU
		{0D643CAA-C304-4743-9BFD-B541411D2ED4}.Debug|Any CPU.Build.0 = Debug|Any CPU
		{0D643CAA-C304-4743-9BFD-B541411D2ED4}.Release|Any CPU.ActiveCfg = Release|Any CPU
		{0D643CAA-C304-4743-9BFD-B541411D2ED4}.Release|Any CPU.Build.0 = Release|Any CPU
	EndGlobalSection
	GlobalSection(SolutionProperties) = preSolution
		HideSolutionNode = FALSE
	EndGlobalSection
	GlobalSection(ExtensibilityGlobals) = postSolution
		SolutionGuid = {88E4A9BC-5549-4BD4-B95A-79A8E85381D7}
	EndGlobalSection
EndGlobal
