
Microsoft Visual Studio Solution File, Format Version 12.00
# Visual Studio Version 17
VisualStudioVersion = 17.9.34723.18
MinimumVisualStudioVersion = 10.0.40219.1
Project("{FAE04EC0-301F-11D3-BF4B-00C04F79EFBC}") = "webapp", "webapp\webapp.csproj", "{7D0F4EE3-DA61-41AE-AF53-8B260022C8B1}"
EndProject
Global
	GlobalSection(SolutionConfigurationPlatforms) = preSolution
		Debug|Any CPU = Debug|Any CPU
		Release|Any CPU = Release|Any CPU
	EndGlobalSection
	GlobalSection(ProjectConfigurationPlatforms) = postSolution
		{7D0F4EE3-DA61-41AE-AF53-8B260022C8B1}.Debug|Any CPU.ActiveCfg = Debug|Any CPU
		{7D0F4EE3-DA61-41AE-AF53-8B260022C8B1}.Debug|Any CPU.Build.0 = Debug|Any CPU
		{7D0F4EE3-DA61-41AE-AF53-8B260022C8B1}.Release|Any CPU.ActiveCfg = Release|Any CPU
		{7D0F4EE3-DA61-41AE-AF53-8B260022C8B1}.Release|Any CPU.Build.0 = Release|Any CPU
	EndGlobalSection
	GlobalSection(SolutionProperties) = preSolution
		HideSolutionNode = FALSE
	EndGlobalSection
	GlobalSection(ExtensibilityGlobals) = postSolution
		SolutionGuid = {F84C1828-EBF0-4811-BFCA-CCCD167B0F7C}
	EndGlobalSection
EndGlobal
